<Solution>
  <Folder Name="/src/">
    <Project Path="src/DeKayaServer.Application/DeKayaServer.Application.csproj" />
    <Project Path="src/DeKayaServer.Domain/DeKayaServer.Domain.csproj" />
    <Project Path="src/DeKayaServer.Infrastructure/DeKayaServer.Infrastructure.csproj" Id="1b3b4e2f-d8a2-4654-acc2-594d6fbe6f8b" />
  </Folder>
</Solution>
